{
  "name": "consumer",
  "version": "1.0.0",
  "lockfileVersion": 3,
  "requires": true,
  "packages": {
    "": {
      "name": "consumer",
      "version": "1.0.0",
      "license": "ISC",
      "dependencies": {
        "math-add": "^1.5.0"
      }
    },
    "node_modules/math-add": {
      "version": "1.5.0",
      "resolved": "http://localhost:4873/math-add/-/math-add-1.5.0.tgz",
      "integrity": "sha512-MlTO4iV5MXfUT4B2kCJ7APPlU2ZMeIpdKO5i0Q9hLe8dqhBkdbj8tXQI0NGCsQ4NzhQ+S4QNiUvlDtgH1mm1fg=="
    }
  }
}
